
Microsoft Visual Studio Solution File, Format Version 12.00
# Visual Studio Version 17
VisualStudioVersion = 17.0.31903.59
MinimumVisualStudioVersion = 10.0.40219.1
Project("{2150E333-8FDC-42A3-9474-1A3956D46DE8}") = "API", "API", "{2005E1A2-C1F2-45EE-9396-992EAE7EFE16}"
EndProject
Project("{2150E333-8FDC-42A3-9474-1A3956D46DE8}") = "Infrastructure", "Infrastructure", "{7BEFBAC9-41D7-4C2F-A719-5E369CD9B513}"
EndProject
Project("{FAE04EC0-301F-11D3-BF4B-00C04F79EFBC}") = "CleanApi.API", "API\CleanApi.API\CleanApi.API.csproj", "{FE062357-0C3B-455E-A997-008CE7437036}"
EndProject
Project("{FAE04EC0-301F-11D3-BF4B-00C04F79EFBC}") = "CleanApp.Bus", "Infrastructure\CleanApp.Bus\CleanApp.Bus.csproj", "{4F01FAC5-4E92-4132-ADC8-FC2509B16D41}"
EndProject
Project("{FAE04EC0-301F-11D3-BF4B-00C04F79EFBC}") = "CleanApp.Caching", "Infrastructure\CleanApp.Caching\CleanApp.Caching.csproj", "{49D2EF0E-1CE0-429F-AC4C-A88703AD3446}"
EndProject
Project("{FAE04EC0-301F-11D3-BF4B-00C04F79EFBC}") = "CleanApp.Persistence", "Infrastructure\CleanApp.Persistence\CleanApp.Persistence.csproj", "{D29B05E2-495C-441C-9505-93AD68BCCBB8}"
EndProject
Project("{2150E333-8FDC-42A3-9474-1A3956D46DE8}") = "Core", "Core", "{FBF56CC3-7AE6-AD2D-3F14-7F97FD322CD6}"
EndProject
Project("{FAE04EC0-301F-11D3-BF4B-00C04F79EFBC}") = "CleanApp.Application", "Core\CleanApp.Application\CleanApp.Application.csproj", "{28946169-215A-49E5-9BC4-BA1658786342}"
EndProject
Project("{FAE04EC0-301F-11D3-BF4B-00C04F79EFBC}") = "CleanApp.Domain", "Core\CleanApp.Domain\CleanApp.Domain.csproj", "{42B15FC9-A64E-4AF7-BD21-9D2E25DC8B02}"
EndProject
Global
	GlobalSection(SolutionConfigurationPlatforms) = preSolution
		Debug|Any CPU = Debug|Any CPU
		Debug|x64 = Debug|x64
		Debug|x86 = Debug|x86
		Release|Any CPU = Release|Any CPU
		Release|x64 = Release|x64
		Release|x86 = Release|x86
	EndGlobalSection
	GlobalSection(ProjectConfigurationPlatforms) = postSolution
		{FE062357-0C3B-455E-A997-008CE7437036}.Debug|Any CPU.ActiveCfg = Debug|Any CPU
		{FE062357-0C3B-455E-A997-008CE7437036}.Debug|Any CPU.Build.0 = Debug|Any CPU
		{FE062357-0C3B-455E-A997-008CE7437036}.Debug|x64.ActiveCfg = Debug|Any CPU
		{FE062357-0C3B-455E-A997-008CE7437036}.Debug|x64.Build.0 = Debug|Any CPU
		{FE062357-0C3B-455E-A997-008CE7437036}.Debug|x86.ActiveCfg = Debug|Any CPU
		{FE062357-0C3B-455E-A997-008CE7437036}.Debug|x86.Build.0 = Debug|Any CPU
		{FE062357-0C3B-455E-A997-008CE7437036}.Release|Any CPU.ActiveCfg = Release|Any CPU
		{FE062357-0C3B-455E-A997-008CE7437036}.Release|Any CPU.Build.0 = Release|Any CPU
		{FE062357-0C3B-455E-A997-008CE7437036}.Release|x64.ActiveCfg = Release|Any CPU
		{FE062357-0C3B-455E-A997-008CE7437036}.Release|x64.Build.0 = Release|Any CPU
		{FE062357-0C3B-455E-A997-008CE7437036}.Release|x86.ActiveCfg = Release|Any CPU
		{FE062357-0C3B-455E-A997-008CE7437036}.Release|x86.Build.0 = Release|Any CPU
		{4F01FAC5-4E92-4132-ADC8-FC2509B16D41}.Debug|Any CPU.ActiveCfg = Debug|Any CPU
		{4F01FAC5-4E92-4132-ADC8-FC2509B16D41}.Debug|Any CPU.Build.0 = Debug|Any CPU
		{4F01FAC5-4E92-4132-ADC8-FC2509B16D41}.Debug|x64.ActiveCfg = Debug|Any CPU
		{4F01FAC5-4E92-4132-ADC8-FC2509B16D41}.Debug|x64.Build.0 = Debug|Any CPU
		{4F01FAC5-4E92-4132-ADC8-FC2509B16D41}.Debug|x86.ActiveCfg = Debug|Any CPU
		{4F01FAC5-4E92-4132-ADC8-FC2509B16D41}.Debug|x86.Build.0 = Debug|Any CPU
		{4F01FAC5-4E92-4132-ADC8-FC2509B16D41}.Release|Any CPU.ActiveCfg = Release|Any CPU
		{4F01FAC5-4E92-4132-ADC8-FC2509B16D41}.Release|Any CPU.Build.0 = Release|Any CPU
		{4F01FAC5-4E92-4132-ADC8-FC2509B16D41}.Release|x64.ActiveCfg = Release|Any CPU
		{4F01FAC5-4E92-4132-ADC8-FC2509B16D41}.Release|x64.Build.0 = Release|Any CPU
		{4F01FAC5-4E92-4132-ADC8-FC2509B16D41}.Release|x86.ActiveCfg = Release|Any CPU
		{4F01FAC5-4E92-4132-ADC8-FC2509B16D41}.Release|x86.Build.0 = Release|Any CPU
		{49D2EF0E-1CE0-429F-AC4C-A88703AD3446}.Debug|Any CPU.ActiveCfg = Debug|Any CPU
		{49D2EF0E-1CE0-429F-AC4C-A88703AD3446}.Debug|Any CPU.Build.0 = Debug|Any CPU
		{49D2EF0E-1CE0-429F-AC4C-A88703AD3446}.Debug|x64.ActiveCfg = Debug|Any CPU
		{49D2EF0E-1CE0-429F-AC4C-A88703AD3446}.Debug|x64.Build.0 = Debug|Any CPU
		{49D2EF0E-1CE0-429F-AC4C-A88703AD3446}.Debug|x86.ActiveCfg = Debug|Any CPU
		{49D2EF0E-1CE0-429F-AC4C-A88703AD3446}.Debug|x86.Build.0 = Debug|Any CPU
		{49D2EF0E-1CE0-429F-AC4C-A88703AD3446}.Release|Any CPU.ActiveCfg = Release|Any CPU
		{49D2EF0E-1CE0-429F-AC4C-A88703AD3446}.Release|Any CPU.Build.0 = Release|Any CPU
		{49D2EF0E-1CE0-429F-AC4C-A88703AD3446}.Release|x64.ActiveCfg = Release|Any CPU
		{49D2EF0E-1CE0-429F-AC4C-A88703AD3446}.Release|x64.Build.0 = Release|Any CPU
		{49D2EF0E-1CE0-429F-AC4C-A88703AD3446}.Release|x86.ActiveCfg = Release|Any CPU
		{49D2EF0E-1CE0-429F-AC4C-A88703AD3446}.Release|x86.Build.0 = Release|Any CPU
		{D29B05E2-495C-441C-9505-93AD68BCCBB8}.Debug|Any CPU.ActiveCfg = Debug|Any CPU
		{D29B05E2-495C-441C-9505-93AD68BCCBB8}.Debug|Any CPU.Build.0 = Debug|Any CPU
		{D29B05E2-495C-441C-9505-93AD68BCCBB8}.Debug|x64.ActiveCfg = Debug|Any CPU
		{D29B05E2-495C-441C-9505-93AD68BCCBB8}.Debug|x64.Build.0 = Debug|Any CPU
		{D29B05E2-495C-441C-9505-93AD68BCCBB8}.Debug|x86.ActiveCfg = Debug|Any CPU
		{D29B05E2-495C-441C-9505-93AD68BCCBB8}.Debug|x86.Build.0 = Debug|Any CPU
		{D29B05E2-495C-441C-9505-93AD68BCCBB8}.Release|Any CPU.ActiveCfg = Release|Any CPU
		{D29B05E2-495C-441C-9505-93AD68BCCBB8}.Release|Any CPU.Build.0 = Release|Any CPU
		{D29B05E2-495C-441C-9505-93AD68BCCBB8}.Release|x64.ActiveCfg = Release|Any CPU
		{D29B05E2-495C-441C-9505-93AD68BCCBB8}.Release|x64.Build.0 = Release|Any CPU
		{D29B05E2-495C-441C-9505-93AD68BCCBB8}.Release|x86.ActiveCfg = Release|Any CPU
		{D29B05E2-495C-441C-9505-93AD68BCCBB8}.Release|x86.Build.0 = Release|Any CPU
		{28946169-215A-49E5-9BC4-BA1658786342}.Debug|Any CPU.ActiveCfg = Debug|Any CPU
		{28946169-215A-49E5-9BC4-BA1658786342}.Debug|Any CPU.Build.0 = Debug|Any CPU
		{28946169-215A-49E5-9BC4-BA1658786342}.Debug|x64.ActiveCfg = Debug|Any CPU
		{28946169-215A-49E5-9BC4-BA1658786342}.Debug|x64.Build.0 = Debug|Any CPU
		{28946169-215A-49E5-9BC4-BA1658786342}.Debug|x86.ActiveCfg = Debug|Any CPU
		{28946169-215A-49E5-9BC4-BA1658786342}.Debug|x86.Build.0 = Debug|Any CPU
		{28946169-215A-49E5-9BC4-BA1658786342}.Release|Any CPU.ActiveCfg = Release|Any CPU
		{28946169-215A-49E5-9BC4-BA1658786342}.Release|Any CPU.Build.0 = Release|Any CPU
		{28946169-215A-49E5-9BC4-BA1658786342}.Release|x64.ActiveCfg = Release|Any CPU
		{28946169-215A-49E5-9BC4-BA1658786342}.Release|x64.Build.0 = Release|Any CPU
		{28946169-215A-49E5-9BC4-BA1658786342}.Release|x86.ActiveCfg = Release|Any CPU
		{28946169-215A-49E5-9BC4-BA1658786342}.Release|x86.Build.0 = Release|Any CPU
		{42B15FC9-A64E-4AF7-BD21-9D2E25DC8B02}.Debug|Any CPU.ActiveCfg = Debug|Any CPU
		{42B15FC9-A64E-4AF7-BD21-9D2E25DC8B02}.Debug|Any CPU.Build.0 = Debug|Any CPU
		{42B15FC9-A64E-4AF7-BD21-9D2E25DC8B02}.Debug|x64.ActiveCfg = Debug|Any CPU
		{42B15FC9-A64E-4AF7-BD21-9D2E25DC8B02}.Debug|x64.Build.0 = Debug|Any CPU
		{42B15FC9-A64E-4AF7-BD21-9D2E25DC8B02}.Debug|x86.ActiveCfg = Debug|Any CPU
		{42B15FC9-A64E-4AF7-BD21-9D2E25DC8B02}.Debug|x86.Build.0 = Debug|Any CPU
		{42B15FC9-A64E-4AF7-BD21-9D2E25DC8B02}.Release|Any CPU.ActiveCfg = Release|Any CPU
		{42B15FC9-A64E-4AF7-BD21-9D2E25DC8B02}.Release|Any CPU.Build.0 = Release|Any CPU
		{42B15FC9-A64E-4AF7-BD21-9D2E25DC8B02}.Release|x64.ActiveCfg = Release|Any CPU
		{42B15FC9-A64E-4AF7-BD21-9D2E25DC8B02}.Release|x64.Build.0 = Release|Any CPU
		{42B15FC9-A64E-4AF7-BD21-9D2E25DC8B02}.Release|x86.ActiveCfg = Release|Any CPU
		{42B15FC9-A64E-4AF7-BD21-9D2E25DC8B02}.Release|x86.Build.0 = Release|Any CPU
	EndGlobalSection
	GlobalSection(SolutionProperties) = preSolution
		HideSolutionNode = FALSE
	EndGlobalSection
	GlobalSection(NestedProjects) = preSolution
		{FE062357-0C3B-455E-A997-008CE7437036} = {2005E1A2-C1F2-45EE-9396-992EAE7EFE16}
		{4F01FAC5-4E92-4132-ADC8-FC2509B16D41} = {7BEFBAC9-41D7-4C2F-A719-5E369CD9B513}
		{49D2EF0E-1CE0-429F-AC4C-A88703AD3446} = {7BEFBAC9-41D7-4C2F-A719-5E369CD9B513}
		{D29B05E2-495C-441C-9505-93AD68BCCBB8} = {7BEFBAC9-41D7-4C2F-A719-5E369CD9B513}
		{28946169-215A-49E5-9BC4-BA1658786342} = {FBF56CC3-7AE6-AD2D-3F14-7F97FD322CD6}
		{42B15FC9-A64E-4AF7-BD21-9D2E25DC8B02} = {FBF56CC3-7AE6-AD2D-3F14-7F97FD322CD6}
	EndGlobalSection
EndGlobal
